
Microsoft Visual Studio Solution File, Format Version 12.00
# Visual Studio 15
VisualStudioVersion = 15.0.27004.2010
MinimumVisualStudioVersion = 10.0.40219.1
Project("{2150E333-8FDC-42A3-9474-1A3956D46DE8}") = "HALCON", "HALCON", "{BF4040FD-0401-4E41-9308-01E771F02A56}"
EndProject
Project("{FAE04EC0-301F-11D3-BF4B-00C04F79EFBC}") = "ViewROI", "ViewROI\vs2005\ViewROI.csproj", "{C4F5C5DE-7EA8-47FE-8218-48138F48965F}"
EndProject
Project("{2150E333-8FDC-42A3-9474-1A3956D46DE8}") = "Misc", "Misc", "{233F5527-CAEE-497C-AF48-E475D16C8422}"
EndProject
Project("{FAE04EC0-301F-11D3-BF4B-00C04F79EFBC}") = "TSWizards", "TSWizard\TSWizards.csproj", "{DCF08909-AC8C-4E8D-A868-F54D5B888E43}"
EndProject
Project("{FAE04EC0-301F-11D3-BF4B-00C04F79EFBC}") = "QVLEGS", "QVLEGS\QVLEGS.csproj", "{5FFBF835-9083-44FD-B935-E0B7C24253FD}"
EndProject
Project("{FAE04EC0-301F-11D3-BF4B-00C04F79EFBC}") = "ClientEEIP", "ClientEEIP\ClientEEIP.csproj", "{080AEC41-943F-403C-B09B-8ED52E85C22C}"
EndProject
Project("{FAE04EC0-301F-11D3-BF4B-00C04F79EFBC}") = "Export", "Export\Export.csproj", "{1F71E65B-4814-4CBE-A868-945F954B3077}"
EndProject
Global
	GlobalSection(SolutionConfigurationPlatforms) = preSolution
		Debug|Any CPU = Debug|Any CPU
		Debug|x64 = Debug|x64
		Debug|x86 = Debug|x86
		Release|Any CPU = Release|Any CPU
		Release|x64 = Release|x64
		Release|x86 = Release|x86
	EndGlobalSection
	GlobalSection(ProjectConfigurationPlatforms) = postSolution
		{C4F5C5DE-7EA8-47FE-8218-48138F48965F}.Debug|Any CPU.ActiveCfg = Debug|Any CPU
		{C4F5C5DE-7EA8-47FE-8218-48138F48965F}.Debug|Any CPU.Build.0 = Debug|Any CPU
		{C4F5C5DE-7EA8-47FE-8218-48138F48965F}.Debug|x64.ActiveCfg = Debug|Any CPU
		{C4F5C5DE-7EA8-47FE-8218-48138F48965F}.Debug|x64.Build.0 = Debug|Any CPU
		{C4F5C5DE-7EA8-47FE-8218-48138F48965F}.Debug|x86.ActiveCfg = Debug|Any CPU
		{C4F5C5DE-7EA8-47FE-8218-48138F48965F}.Debug|x86.Build.0 = Debug|Any CPU
		{C4F5C5DE-7EA8-47FE-8218-48138F48965F}.Release|Any CPU.ActiveCfg = Release|Any CPU
		{C4F5C5DE-7EA8-47FE-8218-48138F48965F}.Release|Any CPU.Build.0 = Release|Any CPU
		{C4F5C5DE-7EA8-47FE-8218-48138F48965F}.Release|x64.ActiveCfg = Release|Any CPU
		{C4F5C5DE-7EA8-47FE-8218-48138F48965F}.Release|x64.Build.0 = Release|Any CPU
		{C4F5C5DE-7EA8-47FE-8218-48138F48965F}.Release|x86.ActiveCfg = Release|Any CPU
		{C4F5C5DE-7EA8-47FE-8218-48138F48965F}.Release|x86.Build.0 = Release|Any CPU
		{DCF08909-AC8C-4E8D-A868-F54D5B888E43}.Debug|Any CPU.ActiveCfg = Debug|Any CPU
		{DCF08909-AC8C-4E8D-A868-F54D5B888E43}.Debug|Any CPU.Build.0 = Debug|Any CPU
		{DCF08909-AC8C-4E8D-A868-F54D5B888E43}.Debug|x64.ActiveCfg = Debug|Any CPU
		{DCF08909-AC8C-4E8D-A868-F54D5B888E43}.Debug|x64.Build.0 = Debug|Any CPU
		{DCF08909-AC8C-4E8D-A868-F54D5B888E43}.Debug|x86.ActiveCfg = Debug|Any CPU
		{DCF08909-AC8C-4E8D-A868-F54D5B888E43}.Debug|x86.Build.0 = Debug|Any CPU
		{DCF08909-AC8C-4E8D-A868-F54D5B888E43}.Release|Any CPU.ActiveCfg = Release|Any CPU
		{DCF08909-AC8C-4E8D-A868-F54D5B888E43}.Release|Any CPU.Build.0 = Release|Any CPU
		{DCF08909-AC8C-4E8D-A868-F54D5B888E43}.Release|x64.ActiveCfg = Release|Any CPU
		{DCF08909-AC8C-4E8D-A868-F54D5B888E43}.Release|x64.Build.0 = Release|Any CPU
		{DCF08909-AC8C-4E8D-A868-F54D5B888E43}.Release|x86.ActiveCfg = Release|Any CPU
		{DCF08909-AC8C-4E8D-A868-F54D5B888E43}.Release|x86.Build.0 = Release|Any CPU
		{5FFBF835-9083-44FD-B935-E0B7C24253FD}.Debug|Any CPU.ActiveCfg = Debug|Any CPU
		{5FFBF835-9083-44FD-B935-E0B7C24253FD}.Debug|Any CPU.Build.0 = Debug|Any CPU
		{5FFBF835-9083-44FD-B935-E0B7C24253FD}.Debug|x64.ActiveCfg = Debug|Any CPU
		{5FFBF835-9083-44FD-B935-E0B7C24253FD}.Debug|x64.Build.0 = Debug|Any CPU
		{5FFBF835-9083-44FD-B935-E0B7C24253FD}.Debug|x86.ActiveCfg = Debug|Any CPU
		{5FFBF835-9083-44FD-B935-E0B7C24253FD}.Debug|x86.Build.0 = Debug|Any CPU
		{5FFBF835-9083-44FD-B935-E0B7C24253FD}.Release|Any CPU.ActiveCfg = Release|Any CPU
		{5FFBF835-9083-44FD-B935-E0B7C24253FD}.Release|Any CPU.Build.0 = Release|Any CPU
		{5FFBF835-9083-44FD-B935-E0B7C24253FD}.Release|x64.ActiveCfg = Release|Any CPU
		{5FFBF835-9083-44FD-B935-E0B7C24253FD}.Release|x64.Build.0 = Release|Any CPU
		{5FFBF835-9083-44FD-B935-E0B7C24253FD}.Release|x86.ActiveCfg = Release|Any CPU
		{5FFBF835-9083-44FD-B935-E0B7C24253FD}.Release|x86.Build.0 = Release|Any CPU
		{080AEC41-943F-403C-B09B-8ED52E85C22C}.Debug|Any CPU.ActiveCfg = Debug|Any CPU
		{080AEC41-943F-403C-B09B-8ED52E85C22C}.Debug|Any CPU.Build.0 = Debug|Any CPU
		{080AEC41-943F-403C-B09B-8ED52E85C22C}.Debug|x64.ActiveCfg = Debug|Any CPU
		{080AEC41-943F-403C-B09B-8ED52E85C22C}.Debug|x64.Build.0 = Debug|Any CPU
		{080AEC41-943F-403C-B09B-8ED52E85C22C}.Debug|x86.ActiveCfg = Debug|Any CPU
		{080AEC41-943F-403C-B09B-8ED52E85C22C}.Debug|x86.Build.0 = Debug|Any CPU
		{080AEC41-943F-403C-B09B-8ED52E85C22C}.Release|Any CPU.ActiveCfg = Release|Any CPU
		{080AEC41-943F-403C-B09B-8ED52E85C22C}.Release|Any CPU.Build.0 = Release|Any CPU
		{080AEC41-943F-403C-B09B-8ED52E85C22C}.Release|x64.ActiveCfg = Release|Any CPU
		{080AEC41-943F-403C-B09B-8ED52E85C22C}.Release|x64.Build.0 = Release|Any CPU
		{080AEC41-943F-403C-B09B-8ED52E85C22C}.Release|x86.ActiveCfg = Release|Any CPU
		{080AEC41-943F-403C-B09B-8ED52E85C22C}.Release|x86.Build.0 = Release|Any CPU
		{1F71E65B-4814-4CBE-A868-945F954B3077}.Debug|Any CPU.ActiveCfg = Debug|Any CPU
		{1F71E65B-4814-4CBE-A868-945F954B3077}.Debug|Any CPU.Build.0 = Debug|Any CPU
		{1F71E65B-4814-4CBE-A868-945F954B3077}.Debug|x64.ActiveCfg = Debug|Any CPU
		{1F71E65B-4814-4CBE-A868-945F954B3077}.Debug|x64.Build.0 = Debug|Any CPU
		{1F71E65B-4814-4CBE-A868-945F954B3077}.Debug|x86.ActiveCfg = Debug|Any CPU
		{1F71E65B-4814-4CBE-A868-945F954B3077}.Debug|x86.Build.0 = Debug|Any CPU
		{1F71E65B-4814-4CBE-A868-945F954B3077}.Release|Any CPU.ActiveCfg = Release|Any CPU
		{1F71E65B-4814-4CBE-A868-945F954B3077}.Release|Any CPU.Build.0 = Release|Any CPU
		{1F71E65B-4814-4CBE-A868-945F954B3077}.Release|x64.ActiveCfg = Release|Any CPU
		{1F71E65B-4814-4CBE-A868-945F954B3077}.Release|x64.Build.0 = Release|Any CPU
		{1F71E65B-4814-4CBE-A868-945F954B3077}.Release|x86.ActiveCfg = Release|Any CPU
		{1F71E65B-4814-4CBE-A868-945F954B3077}.Release|x86.Build.0 = Release|Any CPU
	EndGlobalSection
	GlobalSection(SolutionProperties) = preSolution
		HideSolutionNode = FALSE
	EndGlobalSection
	GlobalSection(NestedProjects) = preSolution
		{C4F5C5DE-7EA8-47FE-8218-48138F48965F} = {BF4040FD-0401-4E41-9308-01E771F02A56}
		{DCF08909-AC8C-4E8D-A868-F54D5B888E43} = {233F5527-CAEE-497C-AF48-E475D16C8422}
		{080AEC41-943F-403C-B09B-8ED52E85C22C} = {233F5527-CAEE-497C-AF48-E475D16C8422}
	EndGlobalSection
	GlobalSection(ExtensibilityGlobals) = postSolution
		SolutionGuid = {66820A0D-FF68-4C9B-898A-48EF3FA0EB34}
	EndGlobalSection
EndGlobal
